
Microsoft Visual Studio Solution File, Format Version 12.00
# Visual Studio Version 16
VisualStudioVersion = 16.0.31019.35
MinimumVisualStudioVersion = 10.0.40219.1
Project("{9A19103F-16F7-4668-BE54-9A1E7A4F7556}") = "qckdev.AspNetCore", "qckdev.AspNetCore\qckdev.AspNetCore.csproj", "{9796B367-9801-48E0-807C-96D26F5D7ABD}"
EndProject
Project("{2150E333-8FDC-42A3-9474-1A3956D46DE8}") = "examples", "examples", "{BA2409F6-79CF-4947-B80B-CF239367A8E7}"
EndProject
Project("{9A19103F-16F7-4668-BE54-9A1E7A4F7556}") = "miapp-core", "examples\miapp-core\miapp-core.csproj", "{7AE01166-84B5-456B-8A3F-6BE8A74A04F1}"
EndProject
Project("{FAE04EC0-301F-11D3-BF4B-00C04F79EFBC}") = "qckdev.AspNetCore.Test", "qckdev.AspNetCore.Test\qckdev.AspNetCore.Test.csproj", "{2C93738B-48F1-4074-AEAD-B035C32DF9D3}"
EndProject
Global
	GlobalSection(SolutionConfigurationPlatforms) = preSolution
		Debug|Any CPU = Debug|Any CPU
		Release|Any CPU = Release|Any CPU
	EndGlobalSection
	GlobalSection(ProjectConfigurationPlatforms) = postSolution
		{9796B367-9801-48E0-807C-96D26F5D7ABD}.Debug|Any CPU.ActiveCfg = Debug|Any CPU
		{9796B367-9801-48E0-807C-96D26F5D7ABD}.Debug|Any CPU.Build.0 = Debug|Any CPU
		{9796B367-9801-48E0-807C-96D26F5D7ABD}.Release|Any CPU.ActiveCfg = Release|Any CPU
		{9796B367-9801-48E0-807C-96D26F5D7ABD}.Release|Any CPU.Build.0 = Release|Any CPU
		{7AE01166-84B5-456B-8A3F-6BE8A74A04F1}.Debug|Any CPU.ActiveCfg = Debug|Any CPU
		{7AE01166-84B5-456B-8A3F-6BE8A74A04F1}.Debug|Any CPU.Build.0 = Debug|Any CPU
		{7AE01166-84B5-456B-8A3F-6BE8A74A04F1}.Release|Any CPU.ActiveCfg = Release|Any CPU
		{7AE01166-84B5-456B-8A3F-6BE8A74A04F1}.Release|Any CPU.Build.0 = Release|Any CPU
		{2C93738B-48F1-4074-AEAD-B035C32DF9D3}.Debug|Any CPU.ActiveCfg = Debug|Any CPU
		{2C93738B-48F1-4074-AEAD-B035C32DF9D3}.Debug|Any CPU.Build.0 = Debug|Any CPU
		{2C93738B-48F1-4074-AEAD-B035C32DF9D3}.Release|Any CPU.ActiveCfg = Release|Any CPU
		{2C93738B-48F1-4074-AEAD-B035C32DF9D3}.Release|Any CPU.Build.0 = Release|Any CPU
	EndGlobalSection
	GlobalSection(SolutionProperties) = preSolution
		HideSolutionNode = FALSE
	EndGlobalSection
	GlobalSection(NestedProjects) = preSolution
		{7AE01166-84B5-456B-8A3F-6BE8A74A04F1} = {BA2409F6-79CF-4947-B80B-CF239367A8E7}
	EndGlobalSection
	GlobalSection(ExtensibilityGlobals) = postSolution
		SolutionGuid = {BCA30AA7-7A1A-4FA8-B1D9-12243499752C}
	EndGlobalSection
EndGlobal
