
Microsoft Visual Studio Solution File, Format Version 12.00
# Visual Studio Version 17
VisualStudioVersion = 17.14.37012.4
MinimumVisualStudioVersion = 10.0.40219.1
Project("{9A19103F-16F7-4668-BE54-9A1E7A4F7556}") = "qckdev.AspNetCore", "qckdev.AspNetCore\qckdev.AspNetCore.csproj", "{884ED05E-B788-4BB0-8F29-FF7FB9575B34}"
EndProject
Project("{9A19103F-16F7-4668-BE54-9A1E7A4F7556}") = "qckdev.AspNetCore.Test", "qckdev.AspNetCore.Test\qckdev.AspNetCore.Test.csproj", "{1FB8761E-ABE9-417A-9A86-803ACE700AAA}"
EndProject
Project("{FAE04EC0-301F-11D3-BF4B-00C04F79EFBC}") = "qckdev.AspNetCore.Abstractions", "qckdev.AspNetCore.Abstractions\qckdev.AspNetCore.Abstractions.csproj", "{789F5AB4-7613-4096-A05D-EE08672F9D78}"
EndProject
Project("{FAE04EC0-301F-11D3-BF4B-00C04F79EFBC}") = "qckdev.AspNetCore.Mvc.Controllers", "qckdev.AspNetCore.Mvc.Controllers\qckdev.AspNetCore.Mvc.Controllers.csproj", "{EEC4963D-A6E0-4E4C-BEFE-C661A74B9D44}"
EndProject
Project("{FAE04EC0-301F-11D3-BF4B-00C04F79EFBC}") = "qckdev.AspNetCore.Mvc.Headers", "qckdev.AspNetCore.Mvc.Headers\qckdev.AspNetCore.Mvc.Headers.csproj", "{30BE9E5F-E0CF-43DD-BFC1-6BABE3B53CDE}"
EndProject
Project("{FAE04EC0-301F-11D3-BF4B-00C04F79EFBC}") = "qckdev.AspNetCore.Mvc.Controllers.Legacy", "qckdev.AspNetCore.Mvc.Controllers.Legacy\qckdev.AspNetCore.Mvc.Controllers.Legacy.csproj", "{21416350-5876-50C1-796D-2BFE8F1D1A32}"
EndProject
Project("{FAE04EC0-301F-11D3-BF4B-00C04F79EFBC}") = "qckdev.AspNetCore.Test.MediatR12", "qckdev.AspNetCore.Test.MediatR12\qckdev.AspNetCore.Test.MediatR12.csproj", "{524CAB63-600D-12D5-2832-41313299C1A2}"
EndProject
Project("{FAE04EC0-301F-11D3-BF4B-00C04F79EFBC}") = "qckdev.AspNetCore.FluentValidation", "qckdev.AspNetCore.FluentValidation\qckdev.AspNetCore.FluentValidation.csproj", "{67FB558C-2564-4466-B5A4-A46A13970940}"
EndProject
Global
	GlobalSection(SolutionConfigurationPlatforms) = preSolution
		Debug|Any CPU = Debug|Any CPU
		Debug|x64 = Debug|x64
		Debug|x86 = Debug|x86
		Release|Any CPU = Release|Any CPU
		Release|x64 = Release|x64
		Release|x86 = Release|x86
	EndGlobalSection
	GlobalSection(ProjectConfigurationPlatforms) = postSolution
		{884ED05E-B788-4BB0-8F29-FF7FB9575B34}.Debug|Any CPU.ActiveCfg = Debug|Any CPU
		{884ED05E-B788-4BB0-8F29-FF7FB9575B34}.Debug|Any CPU.Build.0 = Debug|Any CPU
		{884ED05E-B788-4BB0-8F29-FF7FB9575B34}.Debug|x64.ActiveCfg = Debug|Any CPU
		{884ED05E-B788-4BB0-8F29-FF7FB9575B34}.Debug|x64.Build.0 = Debug|Any CPU
		{884ED05E-B788-4BB0-8F29-FF7FB9575B34}.Debug|x86.ActiveCfg = Debug|Any CPU
		{884ED05E-B788-4BB0-8F29-FF7FB9575B34}.Debug|x86.Build.0 = Debug|Any CPU
		{884ED05E-B788-4BB0-8F29-FF7FB9575B34}.Release|Any CPU.ActiveCfg = Release|Any CPU
		{884ED05E-B788-4BB0-8F29-FF7FB9575B34}.Release|Any CPU.Build.0 = Release|Any CPU
		{884ED05E-B788-4BB0-8F29-FF7FB9575B34}.Release|x64.ActiveCfg = Release|Any CPU
		{884ED05E-B788-4BB0-8F29-FF7FB9575B34}.Release|x64.Build.0 = Release|Any CPU
		{884ED05E-B788-4BB0-8F29-FF7FB9575B34}.Release|x86.ActiveCfg = Release|Any CPU
		{884ED05E-B788-4BB0-8F29-FF7FB9575B34}.Release|x86.Build.0 = Release|Any CPU
		{1FB8761E-ABE9-417A-9A86-803ACE700AAA}.Debug|Any CPU.ActiveCfg = Debug|Any CPU
		{1FB8761E-ABE9-417A-9A86-803ACE700AAA}.Debug|Any CPU.Build.0 = Debug|Any CPU
		{1FB8761E-ABE9-417A-9A86-803ACE700AAA}.Debug|x64.ActiveCfg = Debug|Any CPU
		{1FB8761E-ABE9-417A-9A86-803ACE700AAA}.Debug|x64.Build.0 = Debug|Any CPU
		{1FB8761E-ABE9-417A-9A86-803ACE700AAA}.Debug|x86.ActiveCfg = Debug|Any CPU
		{1FB8761E-ABE9-417A-9A86-803ACE700AAA}.Debug|x86.Build.0 = Debug|Any CPU
		{1FB8761E-ABE9-417A-9A86-803ACE700AAA}.Release|Any CPU.ActiveCfg = Release|Any CPU
		{1FB8761E-ABE9-417A-9A86-803ACE700AAA}.Release|Any CPU.Build.0 = Release|Any CPU
		{1FB8761E-ABE9-417A-9A86-803ACE700AAA}.Release|x64.ActiveCfg = Release|Any CPU
		{1FB8761E-ABE9-417A-9A86-803ACE700AAA}.Release|x64.Build.0 = Release|Any CPU
		{1FB8761E-ABE9-417A-9A86-803ACE700AAA}.Release|x86.ActiveCfg = Release|Any CPU
		{1FB8761E-ABE9-417A-9A86-803ACE700AAA}.Release|x86.Build.0 = Release|Any CPU
		{789F5AB4-7613-4096-A05D-EE08672F9D78}.Debug|Any CPU.ActiveCfg = Debug|Any CPU
		{789F5AB4-7613-4096-A05D-EE08672F9D78}.Debug|Any CPU.Build.0 = Debug|Any CPU
		{789F5AB4-7613-4096-A05D-EE08672F9D78}.Debug|x64.ActiveCfg = Debug|Any CPU
		{789F5AB4-7613-4096-A05D-EE08672F9D78}.Debug|x64.Build.0 = Debug|Any CPU
		{789F5AB4-7613-4096-A05D-EE08672F9D78}.Debug|x86.ActiveCfg = Debug|Any CPU
		{789F5AB4-7613-4096-A05D-EE08672F9D78}.Debug|x86.Build.0 = Debug|Any CPU
		{789F5AB4-7613-4096-A05D-EE08672F9D78}.Release|Any CPU.ActiveCfg = Release|Any CPU
		{789F5AB4-7613-4096-A05D-EE08672F9D78}.Release|Any CPU.Build.0 = Release|Any CPU
		{789F5AB4-7613-4096-A05D-EE08672F9D78}.Release|x64.ActiveCfg = Release|Any CPU
		{789F5AB4-7613-4096-A05D-EE08672F9D78}.Release|x64.Build.0 = Release|Any CPU
		{789F5AB4-7613-4096-A05D-EE08672F9D78}.Release|x86.ActiveCfg = Release|Any CPU
		{789F5AB4-7613-4096-A05D-EE08672F9D78}.Release|x86.Build.0 = Release|Any CPU
		{EEC4963D-A6E0-4E4C-BEFE-C661A74B9D44}.Debug|Any CPU.ActiveCfg = Debug|Any CPU
		{EEC4963D-A6E0-4E4C-BEFE-C661A74B9D44}.Debug|Any CPU.Build.0 = Debug|Any CPU
		{EEC4963D-A6E0-4E4C-BEFE-C661A74B9D44}.Debug|x64.ActiveCfg = Debug|Any CPU
		{EEC4963D-A6E0-4E4C-BEFE-C661A74B9D44}.Debug|x64.Build.0 = Debug|Any CPU
		{EEC4963D-A6E0-4E4C-BEFE-C661A74B9D44}.Debug|x86.ActiveCfg = Debug|Any CPU
		{EEC4963D-A6E0-4E4C-BEFE-C661A74B9D44}.Debug|x86.Build.0 = Debug|Any CPU
		{EEC4963D-A6E0-4E4C-BEFE-C661A74B9D44}.Release|Any CPU.ActiveCfg = Release|Any CPU
		{EEC4963D-A6E0-4E4C-BEFE-C661A74B9D44}.Release|Any CPU.Build.0 = Release|Any CPU
		{EEC4963D-A6E0-4E4C-BEFE-C661A74B9D44}.Release|x64.ActiveCfg = Release|Any CPU
		{EEC4963D-A6E0-4E4C-BEFE-C661A74B9D44}.Release|x64.Build.0 = Release|Any CPU
		{EEC4963D-A6E0-4E4C-BEFE-C661A74B9D44}.Release|x86.ActiveCfg = Release|Any CPU
		{EEC4963D-A6E0-4E4C-BEFE-C661A74B9D44}.Release|x86.Build.0 = Release|Any CPU
		{30BE9E5F-E0CF-43DD-BFC1-6BABE3B53CDE}.Debug|Any CPU.ActiveCfg = Debug|Any CPU
		{30BE9E5F-E0CF-43DD-BFC1-6BABE3B53CDE}.Debug|Any CPU.Build.0 = Debug|Any CPU
		{30BE9E5F-E0CF-43DD-BFC1-6BABE3B53CDE}.Debug|x64.ActiveCfg = Debug|Any CPU
		{30BE9E5F-E0CF-43DD-BFC1-6BABE3B53CDE}.Debug|x64.Build.0 = Debug|Any CPU
		{30BE9E5F-E0CF-43DD-BFC1-6BABE3B53CDE}.Debug|x86.ActiveCfg = Debug|Any CPU
		{30BE9E5F-E0CF-43DD-BFC1-6BABE3B53CDE}.Debug|x86.Build.0 = Debug|Any CPU
		{30BE9E5F-E0CF-43DD-BFC1-6BABE3B53CDE}.Release|Any CPU.ActiveCfg = Release|Any CPU
		{30BE9E5F-E0CF-43DD-BFC1-6BABE3B53CDE}.Release|Any CPU.Build.0 = Release|Any CPU
		{30BE9E5F-E0CF-43DD-BFC1-6BABE3B53CDE}.Release|x64.ActiveCfg = Release|Any CPU
		{30BE9E5F-E0CF-43DD-BFC1-6BABE3B53CDE}.Release|x64.Build.0 = Release|Any CPU
		{30BE9E5F-E0CF-43DD-BFC1-6BABE3B53CDE}.Release|x86.ActiveCfg = Release|Any CPU
		{30BE9E5F-E0CF-43DD-BFC1-6BABE3B53CDE}.Release|x86.Build.0 = Release|Any CPU
		{21416350-5876-50C1-796D-2BFE8F1D1A32}.Debug|Any CPU.ActiveCfg = Debug|Any CPU
		{21416350-5876-50C1-796D-2BFE8F1D1A32}.Debug|Any CPU.Build.0 = Debug|Any CPU
		{21416350-5876-50C1-796D-2BFE8F1D1A32}.Debug|x64.ActiveCfg = Debug|Any CPU
		{21416350-5876-50C1-796D-2BFE8F1D1A32}.Debug|x64.Build.0 = Debug|Any CPU
		{21416350-5876-50C1-796D-2BFE8F1D1A32}.Debug|x86.ActiveCfg = Debug|Any CPU
		{21416350-5876-50C1-796D-2BFE8F1D1A32}.Debug|x86.Build.0 = Debug|Any CPU
		{21416350-5876-50C1-796D-2BFE8F1D1A32}.Release|Any CPU.ActiveCfg = Release|Any CPU
		{21416350-5876-50C1-796D-2BFE8F1D1A32}.Release|Any CPU.Build.0 = Release|Any CPU
		{21416350-5876-50C1-796D-2BFE8F1D1A32}.Release|x64.ActiveCfg = Release|Any CPU
		{21416350-5876-50C1-796D-2BFE8F1D1A32}.Release|x64.Build.0 = Release|Any CPU
		{21416350-5876-50C1-796D-2BFE8F1D1A32}.Release|x86.ActiveCfg = Release|Any CPU
		{21416350-5876-50C1-796D-2BFE8F1D1A32}.Release|x86.Build.0 = Release|Any CPU
		{524CAB63-600D-12D5-2832-41313299C1A2}.Debug|Any CPU.ActiveCfg = Debug|Any CPU
		{524CAB63-600D-12D5-2832-41313299C1A2}.Debug|Any CPU.Build.0 = Debug|Any CPU
		{524CAB63-600D-12D5-2832-41313299C1A2}.Debug|x64.ActiveCfg = Debug|Any CPU
		{524CAB63-600D-12D5-2832-41313299C1A2}.Debug|x64.Build.0 = Debug|Any CPU
		{524CAB63-600D-12D5-2832-41313299C1A2}.Debug|x86.ActiveCfg = Debug|Any CPU
		{524CAB63-600D-12D5-2832-41313299C1A2}.Debug|x86.Build.0 = Debug|Any CPU
		{524CAB63-600D-12D5-2832-41313299C1A2}.Release|Any CPU.ActiveCfg = Release|Any CPU
		{524CAB63-600D-12D5-2832-41313299C1A2}.Release|Any CPU.Build.0 = Release|Any CPU
		{524CAB63-600D-12D5-2832-41313299C1A2}.Release|x64.ActiveCfg = Release|Any CPU
		{524CAB63-600D-12D5-2832-41313299C1A2}.Release|x64.Build.0 = Release|Any CPU
		{524CAB63-600D-12D5-2832-41313299C1A2}.Release|x86.ActiveCfg = Release|Any CPU
		{524CAB63-600D-12D5-2832-41313299C1A2}.Release|x86.Build.0 = Release|Any CPU
		{67FB558C-2564-4466-B5A4-A46A13970940}.Debug|Any CPU.ActiveCfg = Debug|Any CPU
		{67FB558C-2564-4466-B5A4-A46A13970940}.Debug|Any CPU.Build.0 = Debug|Any CPU
		{67FB558C-2564-4466-B5A4-A46A13970940}.Debug|x64.ActiveCfg = Debug|Any CPU
		{67FB558C-2564-4466-B5A4-A46A13970940}.Debug|x64.Build.0 = Debug|Any CPU
		{67FB558C-2564-4466-B5A4-A46A13970940}.Debug|x86.ActiveCfg = Debug|Any CPU
		{67FB558C-2564-4466-B5A4-A46A13970940}.Debug|x86.Build.0 = Debug|Any CPU
		{67FB558C-2564-4466-B5A4-A46A13970940}.Release|Any CPU.ActiveCfg = Release|Any CPU
		{67FB558C-2564-4466-B5A4-A46A13970940}.Release|Any CPU.Build.0 = Release|Any CPU
		{67FB558C-2564-4466-B5A4-A46A13970940}.Release|x64.ActiveCfg = Release|Any CPU
		{67FB558C-2564-4466-B5A4-A46A13970940}.Release|x64.Build.0 = Release|Any CPU
		{67FB558C-2564-4466-B5A4-A46A13970940}.Release|x86.ActiveCfg = Release|Any CPU
		{67FB558C-2564-4466-B5A4-A46A13970940}.Release|x86.Build.0 = Release|Any CPU
	EndGlobalSection
	GlobalSection(SolutionProperties) = preSolution
		HideSolutionNode = FALSE
	EndGlobalSection
	GlobalSection(ExtensibilityGlobals) = postSolution
		SolutionGuid = {A3F47499-4B10-4DDF-8400-49EDB1782020}
	EndGlobalSection
EndGlobal
